<?xml version="1.0" encoding="utf-8"?>
<Project ToolsVersion="4.0" xmlns="http://schemas.microsoft.com/developer/msbuild/2003">
  <ItemGroup>
    <ClCompile Include="..\..\main.cpp" />
    <ClCompile Include="..\..\DestroyThreadTask.cpp">
      <Filter>Tasks</Filter>
    </ClCompile>
    <ClCompile Include="..\..\DynamicPool.cpp" />
    <ClCompile Include="..\..\CreateWorkerTask.cpp">
      <Filter>Tasks</Filter>
    </ClCompile>
  </ItemGroup>
  <ItemGroup>
    <ClInclude Include="..\..\DynamicPool.h" />
    <ClInclude Include="..\..\ThreadSafeQueue.h" />
    <ClInclude Include="..\..\Util.h" />
    <ClInclude Include="..\..\ITask.h">
      <Filter>Tasks</Filter>
    </ClInclude>
    <ClInclude Include="..\..\DummyTask.h">
      <Filter>Tasks</Filter>
    </ClInclude>
    <ClInclude Include="..\..\DestroyThreadTask.h">
      <Filter>Tasks</Filter>
    </ClInclude>
    <ClInclude Include="..\..\CreateWorkerTask.h">
      <Filter>Tasks</Filter>
    </ClInclude>
  </ItemGroup>
  <ItemGroup>
    <Filter Include="Tasks">
      <UniqueIdentifier>{f791b86a-e037-4bd1-bc40-c25438c4d413}</UniqueIdentifier>
    </Filter>
  </ItemGroup>
</Project>