<?xml version="1.0" encoding="utf-8"?>
<Project ToolsVersion="4.0" xmlns="http://schemas.microsoft.com/developer/msbuild/2003">
  <ItemGroup>
    <ClCompile Include="..\..\main.cpp" />
    <ClCompile Include="..\..\DynamicPool.cpp" />
  </ItemGroup>
  <ItemGroup>
    <ClInclude Include="..\..\ThreadSafeQueue.h" />
    <ClInclude Include="..\..\Util.h" />
    <ClInclude Include="..\..\SkopedThread.h" />
    <ClInclude Include="..\..\DynamicPool.h" />
  </ItemGroup>
  <ItemGroup>
    <Filter Include="Tasks">
      <UniqueIdentifier>{f791b86a-e037-4bd1-bc40-c25438c4d413}</UniqueIdentifier>
    </Filter>
  </ItemGroup>
</Project>